
Microsoft Visual Studio Solution File, Format Version 12.00
# Visual Studio Version 17
VisualStudioVersion = 17.4.33205.214
MinimumVisualStudioVersion = 10.0.40219.1
Project("{FAE04EC0-301F-11D3-BF4B-00C04F79EFBC}") = "Problem_Solving", "Problem_Solving\Problem_Solving.csproj", "{B7AE7BC4-DD04-4968-8CAC-080CD7632292}"
EndProject
Global
	GlobalSection(SolutionConfigurationPlatforms) = preSolution
		Debug|Any CPU = Debug|Any CPU
		Release|Any CPU = Release|Any CPU
	EndGlobalSection
	GlobalSection(ProjectConfigurationPlatforms) = postSolution
		{B7AE7BC4-DD04-4968-8CAC-080CD7632292}.Debug|Any CPU.ActiveCfg = Debug|Any CPU
		{B7AE7BC4-DD04-4968-8CAC-080CD7632292}.Debug|Any CPU.Build.0 = Debug|Any CPU
		{B7AE7BC4-DD04-4968-8CAC-080CD7632292}.Release|Any CPU.ActiveCfg = Release|Any CPU
		{B7AE7BC4-DD04-4968-8CAC-080CD7632292}.Release|Any CPU.Build.0 = Release|Any CPU
	EndGlobalSection
	GlobalSection(SolutionProperties) = preSolution
		HideSolutionNode = FALSE
	EndGlobalSection
	GlobalSection(ExtensibilityGlobals) = postSolution
		SolutionGuid = {7ABDAA94-7AB0-41ED-A223-489E7AF25796}
	EndGlobalSection
EndGlobal
